// !$*UTF8*$!
{
	archiveVersion = 1;
	classes = {
	};
	objectVersion = 50;
	objects = {

/* Begin PBXBuildFile section */
		135AC0E4207A3A93000DAEC9 /* AppDelegate.swift in Sources */ = {isa = PBXBuildFile; fileRef = 135AC0E3207A3A93000DAEC9 /* AppDelegate.swift */; };
		135AC0E6207A3A93000DAEC9 /* ViewController.swift in Sources */ = {isa = PBXBuildFile; fileRef = 135AC0E5207A3A93000DAEC9 /* ViewController.swift */; };
		135AC0E9207A3A93000DAEC9 /* Main.storyboard in Resources */ = {isa = PBXBuildFile; fileRef = 135AC0E7207A3A93000DAEC9 /* Main.storyboard */; };
		135AC0EC207A3A93000DAEC9 /* contacts.xcdatamodeld in Sources */ = {isa = PBXBuildFile; fileRef = 135AC0EA207A3A93000DAEC9 /* contacts.xcdatamodeld */; };
		135AC0EE207A3A95000DAEC9 /* Assets.xcassets in Resources */ = {isa = PBXBuildFile; fileRef = 135AC0ED207A3A95000DAEC9 /* Assets.xcassets */; };
		135AC0F1207A3A95000DAEC9 /* LaunchScreen.storyboard in Resources */ = {isa = PBXBuildFile; fileRef = 135AC0EF207A3A95000DAEC9 /* LaunchScreen.storyboard */; };
		135AC0FC207A3A95000DAEC9 /* contactsTests.swift in Sources */ = {isa = PBXBuildFile; fileRef = 135AC0FB207A3A95000DAEC9 /* contactsTests.swift */; };
		135AC107207A3A95000DAEC9 /* contactsUITests.swift in Sources */ = {isa = PBXBuildFile; fileRef = 135AC106207A3A95000DAEC9 /* contactsUITests.swift */; };
		135AC11A207A3E73000DAEC9 /* Contacts+CoreDataClass.swift in Sources */ = {isa = PBXBuildFile; fileRef = 135AC118207A3E73000DAEC9 /* Contacts+CoreDataClass.swift */; };
		135AC11B207A3E73000DAEC9 /* Contacts+CoreDataProperties.swift in Sources */ = {isa = PBXBuildFile; fileRef = 135AC119207A3E73000DAEC9 /* Contacts+CoreDataProperties.swift */; };
/* End PBXBuildFile section */

/* Begin PBXContainerItemProxy section */
		135AC0F8207A3A95000DAEC9 /* PBXContainerItemProxy */ = {
			isa = PBXContainerItemProxy;
			containerPortal = 135AC0D8207A3A93000DAEC9 /* Project object */;
			proxyType = 1;
			remoteGlobalIDString = 135AC0DF207A3A93000DAEC9;
			remoteInfo = contacts;
		};
		135AC103207A3A95000DAEC9 /* PBXContainerItemProxy */ = {
			isa = PBXContainerItemProxy;
			containerPortal = 135AC0D8207A3A93000DAEC9 /* Project object */;
			proxyType = 1;
			remoteGlobalIDString = 135AC0DF207A3A93000DAEC9;
			remoteInfo = contacts;
		};
/* End PBXContainerItemProxy section */

/* Begin PBXFileReference section */
		135AC0E0207A3A93000DAEC9 /* contacts.app */ = {isa = PBXFileReference; explicitFileType = wrapper.application; includeInIndex = 0; path = contacts.app; sourceTree = BUILT_PRODUCTS_DIR; };
		135AC0E3207A3A93000DAEC9 /* AppDelegate.swift */ = {isa = PBXFileReference; lastKnownFileType = sourcecode.swift; path = AppDelegate.swift; sourceTree = "<group>"; };
		135AC0E5207A3A93000DAEC9 /* ViewController.swift */ = {isa = PBXFileReference; lastKnownFileType = sourcecode.swift; path = ViewController.swift; sourceTree = "<group>"; };
		135AC0E8207A3A93000DAEC9 /* Base */ = {isa = PBXFileReference; lastKnownFileType = file.storyboard; name = Base; path = Base.lproj/Main.storyboard; sourceTree = "<group>"; };
		135AC0EB207A3A93000DAEC9 /* contacts.xcdatamodel */ = {isa = PBXFileReference; lastKnownFileType = wrapper.xcdatamodel; path = contacts.xcdatamodel; sourceTree = "<group>"; };
		135AC0ED207A3A95000DAEC9 /* Assets.xcassets */ = {isa = PBXFileReference; lastKnownFileType = folder.assetcatalog; path = Assets.xcassets; sourceTree = "<group>"; };
		135AC0F0207A3A95000DAEC9 /* Base */ = {isa = PBXFileReference; lastKnownFileType = file.storyboard; name = Base; path = Base.lproj/LaunchScreen.storyboard; sourceTree = "<group>"; };
		135AC0F2207A3A95000DAEC9 /* Info.plist */ = {isa = PBXFileReference; lastKnownFileType = text.plist.xml; path = Info.plist; sourceTree = "<group>"; };
		135AC0F7207A3A95000DAEC9 /* contactsTests.xctest */ = {isa = PBXFileReference; explicitFileType = wrapper.cfbundle; includeInIndex = 0; path = contactsTests.xctest; sourceTree = BUILT_PRODUCTS_DIR; };
		135AC0FB207A3A95000DAEC9 /* contactsTests.swift */ = {isa = PBXFileReference; lastKnownFileType = sourcecode.swift; path = contactsTests.swift; sourceTree = "<group>"; };
		135AC0FD207A3A95000DAEC9 /* Info.plist */ = {isa = PBXFileReference; lastKnownFileType = text.plist.xml; path = Info.plist; sourceTree = "<group>"; };
		135AC102207A3A95000DAEC9 /* contactsUITests.xctest */ = {isa = PBXFileReference; explicitFileType = wrapper.cfbundle; includeInIndex = 0; path = contactsUITests.xctest; sourceTree = BUILT_PRODUCTS_DIR; };
		135AC106207A3A95000DAEC9 /* contactsUITests.swift */ = {isa = PBXFileReference; lastKnownFileType = sourcecode.swift; path = contactsUITests.swift; sourceTree = "<group>"; };
		135AC108207A3A95000DAEC9 /* Info.plist */ = {isa = PBXFileReference; lastKnownFileType = text.plist.xml; path = Info.plist; sourceTree = "<group>"; };
		135AC118207A3E73000DAEC9 /* Contacts+CoreDataClass.swift */ = {isa = PBXFileReference; lastKnownFileType = sourcecode.swift; name = "Contacts+CoreDataClass.swift"; path = "contacts/Contacts+CoreDataClass.swift"; sourceTree = "<group>"; };
		135AC119207A3E73000DAEC9 /* Contacts+CoreDataProperties.swift */ = {isa = PBXFileReference; lastKnownFileType = sourcecode.swift; name = "Contacts+CoreDataProperties.swift"; path = "contacts/Contacts+CoreDataProperties.swift"; sourceTree = "<group>"; usesTabs = 0; };
/* End PBXFileReference section */

/* Begin PBXFrameworksBuildPhase section */
		135AC0DD207A3A93000DAEC9 /* Frameworks */ = {
			isa = PBXFrameworksBuildPhase;
			buildActionMask = 2147483647;
			files = (
			);
			runOnlyForDeploymentPostprocessing = 0;
		};
		135AC0F4207A3A95000DAEC9 /* Frameworks */ = {
			isa = PBXFrameworksBuildPhase;
			buildActionMask = 2147483647;
			files = (
			);
			runOnlyForDeploymentPostprocessing = 0;
		};
		135AC0FF207A3A95000DAEC9 /* Frameworks */ = {
			isa = PBXFrameworksBuildPhase;
			buildActionMask = 2147483647;
			files = (
			);
			runOnlyForDeploymentPostprocessing = 0;
		};
/* End PBXFrameworksBuildPhase section */

/* Begin PBXGroup section */
		135AC0D7207A3A93000DAEC9 = {
			isa = PBXGroup;
			children = (
				135AC118207A3E73000DAEC9 /* Contacts+CoreDataClass.swift */,
				135AC119207A3E73000DAEC9 /* Contacts+CoreDataProperties.swift */,
				135AC0E2207A3A93000DAEC9 /* Contacts */,
				135AC0FA207A3A95000DAEC9 /* ContactsTests */,
				135AC105207A3A95000DAEC9 /* ContactsUITests */,
				135AC0E1207A3A93000DAEC9 /* Products */,
			);
			sourceTree = "<group>";
		};
		135AC0E1207A3A93000DAEC9 /* Products */ = {
			isa = PBXGroup;
			children = (
				135AC0E0207A3A93000DAEC9 /* contacts.app */,
				135AC0F7207A3A95000DAEC9 /* contactsTests.xctest */,
				135AC102207A3A95000DAEC9 /* contactsUITests.xctest */,
			);
			name = Products;
			sourceTree = "<group>";
		};
		135AC0E2207A3A93000DAEC9 /* Contacts */ = {
			isa = PBXGroup;
			children = (
				135AC0E3207A3A93000DAEC9 /* AppDelegate.swift */,
				135AC0E5207A3A93000DAEC9 /* ViewController.swift */,
				135AC0E7207A3A93000DAEC9 /* Main.storyboard */,
				135AC0ED207A3A95000DAEC9 /* Assets.xcassets */,
				135AC0EF207A3A95000DAEC9 /* LaunchScreen.storyboard */,
				135AC0F2207A3A95000DAEC9 /* Info.plist */,
				135AC0EA207A3A93000DAEC9 /* contacts.xcdatamodeld */,
			);
			path = Contacts;
			sourceTree = "<group>";
		};
		135AC0FA207A3A95000DAEC9 /* ContactsTests */ = {
			isa = PBXGroup;
			children = (
				135AC0FB207A3A95000DAEC9 /* contactsTests.swift */,
				135AC0FD207A3A95000DAEC9 /* Info.plist */,
			);
			path = ContactsTests;
			sourceTree = "<group>";
		};
		135AC105207A3A95000DAEC9 /* ContactsUITests */ = {
			isa = PBXGroup;
			children = (
				135AC106207A3A95000DAEC9 /* contactsUITests.swift */,
				135AC108207A3A95000DAEC9 /* Info.plist */,
			);
			path = ContactsUITests;
			sourceTree = "<group>";
		};
/* End PBXGroup section */

/* Begin PBXNativeTarget section */
		135AC0DF207A3A93000DAEC9 /* contacts */ = {
			isa = PBXNativeTarget;
			buildConfigurationList = 135AC10B207A3A95000DAEC9 /* Build configuration list for PBXNativeTarget "contacts" */;
			buildPhases = (
				135AC0DC207A3A93000DAEC9 /* Sources */,
				135AC0DD207A3A93000DAEC9 /* Frameworks */,
				135AC0DE207A3A93000DAEC9 /* Resources */,
			);
			buildRules = (
			);
			dependencies = (
			);
			name = contacts;
			productName = contacts;
			productReference = 135AC0E0207A3A93000DAEC9 /* contacts.app */;
			productType = "com.apple.product-type.application";
		};
		135AC0F6207A3A95000DAEC9 /* contactsTests */ = {
			isa = PBXNativeTarget;
			buildConfigurationList = 135AC10E207A3A95000DAEC9 /* Build configuration list for PBXNativeTarget "contactsTests" */;
			buildPhases = (
				135AC0F3207A3A95000DAEC9 /* Sources */,
				135AC0F4207A3A95000DAEC9 /* Frameworks */,
				135AC0F5207A3A95000DAEC9 /* Resources */,
			);
			buildRules = (
			);
			dependencies = (
				135AC0F9207A3A95000DAEC9 /* PBXTargetDependency */,
			);
			name = contactsTests;
			productName = contactsTests;
			productReference = 135AC0F7207A3A95000DAEC9 /* contactsTests.xctest */;
			productType = "com.apple.product-type.bundle.unit-test";
		};
		135AC101207A3A95000DAEC9 /* contactsUITests */ = {
			isa = PBXNativeTarget;
			buildConfigurationList = 135AC111207A3A95000DAEC9 /* Build configuration list for PBXNativeTarget "contactsUITests" */;
			buildPhases = (
				135AC0FE207A3A95000DAEC9 /* Sources */,
				135AC0FF207A3A95000DAEC9 /* Frameworks */,
				135AC100207A3A95000DAEC9 /* Resources */,
			);
			buildRules = (
			);
			dependencies = (
				135AC104207A3A95000DAEC9 /* PBXTargetDependency */,
			);
			name = contactsUITests;
			productName = contactsUITests;
			productReference = 135AC102207A3A95000DAEC9 /* contactsUITests.xctest */;
			productType = "com.apple.product-type.bundle.ui-testing";
		};
/* End PBXNativeTarget section */

/* Begin PBXProject section */
		135AC0D8207A3A93000DAEC9 /* Project object */ = {
			isa = PBXProject;
			attributes = {
				LastSwiftUpdateCheck = 0930;
				LastUpgradeCheck = 0930;
				ORGANIZATIONNAME = YoungHyupYun;
				TargetAttributes = {
					135AC0DF207A3A93000DAEC9 = {
						CreatedOnToolsVersion = 9.3;
					};
					135AC0F6207A3A95000DAEC9 = {
						CreatedOnToolsVersion = 9.3;
						TestTargetID = 135AC0DF207A3A93000DAEC9;
					};
					135AC101207A3A95000DAEC9 = {
						CreatedOnToolsVersion = 9.3;
						TestTargetID = 135AC0DF207A3A93000DAEC9;
					};
				};
			};
			buildConfigurationList = 135AC0DB207A3A93000DAEC9 /* Build configuration list for PBXProject "Contacts" */;
			compatibilityVersion = "Xcode 9.3";
			developmentRegion = en;
			hasScannedForEncodings = 0;
			knownRegions = (
				en,
				Base,
			);
			mainGroup = 135AC0D7207A3A93000DAEC9;
			productRefGroup = 135AC0E1207A3A93000DAEC9 /* Products */;
			projectDirPath = "";
			projectRoot = "";
			targets = (
				135AC0DF207A3A93000DAEC9 /* contacts */,
				135AC0F6207A3A95000DAEC9 /* contactsTests */,
				135AC101207A3A95000DAEC9 /* contactsUITests */,
			);
		};
/* End PBXProject section */

/* Begin PBXResourcesBuildPhase section */
		135AC0DE207A3A93000DAEC9 /* Resources */ = {
			isa = PBXResourcesBuildPhase;
			buildActionMask = 2147483647;
			files = (
				135AC0F1207A3A95000DAEC9 /* LaunchScreen.storyboard in Resources */,
				135AC0EE207A3A95000DAEC9 /* Assets.xcassets in Resources */,
				135AC0E9207A3A93000DAEC9 /* Main.storyboard in Resources */,
			);
			runOnlyForDeploymentPostprocessing = 0;
		};
		135AC0F5207A3A95000DAEC9 /* Resources */ = {
			isa = PBXResourcesBuildPhase;
			buildActionMask = 2147483647;
			files = (
			);
			runOnlyForDeploymentPostprocessing = 0;
		};
		135AC100207A3A95000DAEC9 /* Resources */ = {
			isa = PBXResourcesBuildPhase;
			buildActionMask = 2147483647;
			files = (
			);
			runOnlyForDeploymentPostprocessing = 0;
		};
/* End PBXResourcesBuildPhase section */

/* Begin PBXSourcesBuildPhase section */
		135AC0DC207A3A93000DAEC9 /* Sources */ = {
			isa = PBXSourcesBuildPhase;
			buildActionMask = 2147483647;
			files = (
				135AC0E6207A3A93000DAEC9 /* ViewController.swift in Sources */,
				135AC0E4207A3A93000DAEC9 /* AppDelegate.swift in Sources */,
				135AC11A207A3E73000DAEC9 /* Contacts+CoreDataClass.swift in Sources */,
				135AC11B207A3E73000DAEC9 /* Contacts+CoreDataProperties.swift in Sources */,
				135AC0EC207A3A93000DAEC9 /* contacts.xcdatamodeld in Sources */,
			);
			runOnlyForDeploymentPostprocessing = 0;
		};
		135AC0F3207A3A95000DAEC9 /* Sources */ = {
			isa = PBXSourcesBuildPhase;
			buildActionMask = 2147483647;
			files = (
				135AC0FC207A3A95000DAEC9 /* contactsTests.swift in Sources */,
			);
			runOnlyForDeploymentPostprocessing = 0;
		};
		135AC0FE207A3A95000DAEC9 /* Sources */ = {
			isa = PBXSourcesBuildPhase;
			buildActionMask = 2147483647;
			files = (
				135AC107207A3A95000DAEC9 /* contactsUITests.swift in Sources */,
			);
			runOnlyForDeploymentPostprocessing = 0;
		};
/* End PBXSourcesBuildPhase section */

/* Begin PBXTargetDependency section */
		135AC0F9207A3A95000DAEC9 /* PBXTargetDependency */ = {
			isa = PBXTargetDependency;
			target = 135AC0DF207A3A93000DAEC9 /* contacts */;
			targetProxy = 135AC0F8207A3A95000DAEC9 /* PBXContainerItemProxy */;
		};
		135AC104207A3A95000DAEC9 /* PBXTargetDependency */ = {
			isa = PBXTargetDependency;
			target = 135AC0DF207A3A93000DAEC9 /* contacts */;
			targetProxy = 135AC103207A3A95000DAEC9 /* PBXContainerItemProxy */;
		};
/* End PBXTargetDependency section */

/* Begin PBXVariantGroup section */
		135AC0E7207A3A93000DAEC9 /* Main.storyboard */ = {
			isa = PBXVariantGroup;
			children = (
				135AC0E8207A3A93000DAEC9 /* Base */,
			);
			name = Main.storyboard;
			sourceTree = "<group>";
		};
		135AC0EF207A3A95000DAEC9 /* LaunchScreen.storyboard */ = {
			isa = PBXVariantGroup;
			children = (
				135AC0F0207A3A95000DAEC9 /* Base */,
			);
			name = LaunchScreen.storyboard;
			sourceTree = "<group>";
		};
/* End PBXVariantGroup section */

/* Begin XCBuildConfiguration section */
		135AC109207A3A95000DAEC9 /* Debug */ = {
			isa = XCBuildConfiguration;
			buildSettings = {
				ALWAYS_SEARCH_USER_PATHS = NO;
				CLANG_ANALYZER_NONNULL = YES;
				CLANG_ANALYZER_NUMBER_OBJECT_CONVERSION = YES_AGGRESSIVE;
				CLANG_CXX_LANGUAGE_STANDARD = "gnu++14";
				CLANG_CXX_LIBRARY = "libc++";
				CLANG_ENABLE_MODULES = YES;
				CLANG_ENABLE_OBJC_ARC = YES;
				CLANG_ENABLE_OBJC_WEAK = YES;
				CLANG_WARN_BLOCK_CAPTURE_AUTORELEASING = YES;
				CLANG_WARN_BOOL_CONVERSION = YES;
				CLANG_WARN_COMMA = YES;
				CLANG_WARN_CONSTANT_CONVERSION = YES;
				CLANG_WARN_DEPRECATED_OBJC_IMPLEMENTATIONS = YES;
				CLANG_WARN_DIRECT_OBJC_ISA_USAGE = YES_ERROR;
				CLANG_WARN_DOCUMENTATION_COMMENTS = YES;
				CLANG_WARN_EMPTY_BODY = YES;
				CLANG_WARN_ENUM_CONVERSION = YES;
				CLANG_WARN_INFINITE_RECURSION = YES;
				CLANG_WARN_INT_CONVERSION = YES;
				CLANG_WARN_NON_LITERAL_NULL_CONVERSION = YES;
				CLANG_WARN_OBJC_IMPLICIT_RETAIN_SELF = YES;
				CLANG_WARN_OBJC_LITERAL_CONVERSION = YES;
				CLANG_WARN_OBJC_ROOT_CLASS = YES_ERROR;
				CLANG_WARN_RANGE_LOOP_ANALYSIS = YES;
				CLANG_WARN_STRICT_PROTOTYPES = YES;
				CLANG_WARN_SUSPICIOUS_MOVE = YES;
				CLANG_WARN_UNGUARDED_AVAILABILITY = YES_AGGRESSIVE;
				CLANG_WARN_UNREACHABLE_CODE = YES;
				CLANG_WARN__DUPLICATE_METHOD_MATCH = YES;
				CODE_SIGN_IDENTITY = "iPhone Developer";
				COPY_PHASE_STRIP = NO;
				DEBUG_INFORMATION_FORMAT = dwarf;
				ENABLE_STRICT_OBJC_MSGSEND = YES;
				ENABLE_TESTABILITY = YES;
				GCC_C_LANGUAGE_STANDARD = gnu11;
				GCC_DYNAMIC_NO_PIC = NO;
				GCC_NO_COMMON_BLOCKS = YES;
				GCC_OPTIMIZATION_LEVEL = 0;
				GCC_PREPROCESSOR_DEFINITIONS = (
					"DEBUG=1",
					"$(inherited)",
				);
				GCC_WARN_64_TO_32_BIT_CONVERSION = YES;
				GCC_WARN_ABOUT_RETURN_TYPE = YES_ERROR;
				GCC_WARN_UNDECLARED_SELECTOR = YES;
				GCC_WARN_UNINITIALIZED_AUTOS = YES_AGGRESSIVE;
				GCC_WARN_UNUSED_FUNCTION = YES;
				GCC_WARN_UNUSED_VARIABLE = YES;
				IPHONEOS_DEPLOYMENT_TARGET = 11.3;
				MTL_ENABLE_DEBUG_INFO = YES;
				ONLY_ACTIVE_ARCH = YES;
				SDKROOT = iphoneos;
				SWIFT_ACTIVE_COMPILATION_CONDITIONS = DEBUG;
				SWIFT_OPTIMIZATION_LEVEL = "-Onone";
			};
			name = Debug;
		};
		135AC10A207A3A95000DAEC9 /* Release */ = {
			isa = XCBuildConfiguration;
			buildSettings = {
				ALWAYS_SEARCH_USER_PATHS = NO;
				CLANG_ANALYZER_NONNULL = YES;
				CLANG_ANALYZER_NUMBER_OBJECT_CONVERSION = YES_AGGRESSIVE;
				CLANG_CXX_LANGUAGE_STANDARD = "gnu++14";
				CLANG_CXX_LIBRARY = "libc++";
				CLANG_ENABLE_MODULES = YES;
				CLANG_ENABLE_OBJC_ARC = YES;
				CLANG_ENABLE_OBJC_WEAK = YES;
				CLANG_WARN_BLOCK_CAPTURE_AUTORELEASING = YES;
				CLANG_WARN_BOOL_CONVERSION = YES;
				CLANG_WARN_COMMA = YES;
				CLANG_WARN_CONSTANT_CONVERSION = YES;
				CLANG_WARN_DEPRECATED_OBJC_IMPLEMENTATIONS = YES;
				CLANG_WARN_DIRECT_OBJC_ISA_USAGE = YES_ERROR;
				CLANG_WARN_DOCUMENTATION_COMMENTS = YES;
				CLANG_WARN_EMPTY_BODY = YES;
				CLANG_WARN_ENUM_CONVERSION = YES;
				CLANG_WARN_INFINITE_RECURSION = YES;
				CLANG_WARN_INT_CONVERSION = YES;
				CLANG_WARN_NON_LITERAL_NULL_CONVERSION = YES;
				CLANG_WARN_OBJC_IMPLICIT_RETAIN_SELF = YES;
				CLANG_WARN_OBJC_LITERAL_CONVERSION = YES;
				CLANG_WARN_OBJC_ROOT_CLASS = YES_ERROR;
				CLANG_WARN_RANGE_LOOP_ANALYSIS = YES;
				CLANG_WARN_STRICT_PROTOTYPES = YES;
				CLANG_WARN_SUSPICIOUS_MOVE = YES;
				CLANG_WARN_UNGUARDED_AVAILABILITY = YES_AGGRESSIVE;
				CLANG_WARN_UNREACHABLE_CODE = YES;
				CLANG_WARN__DUPLICATE_METHOD_MATCH = YES;
				CODE_SIGN_IDENTITY = "iPhone Developer";
				COPY_PHASE_STRIP = NO;
				DEBUG_INFORMATION_FORMAT = "dwarf-with-dsym";
				ENABLE_NS_ASSERTIONS = NO;
				ENABLE_STRICT_OBJC_MSGSEND = YES;
				GCC_C_LANGUAGE_STANDARD = gnu11;
				GCC_NO_COMMON_BLOCKS = YES;
				GCC_WARN_64_TO_32_BIT_CONVERSION = YES;
				GCC_WARN_ABOUT_RETURN_TYPE = YES_ERROR;
				GCC_WARN_UNDECLARED_SELECTOR = YES;
				GCC_WARN_UNINITIALIZED_AUTOS = YES_AGGRESSIVE;
				GCC_WARN_UNUSED_FUNCTION = YES;
				GCC_WARN_UNUSED_VARIABLE = YES;
				IPHONEOS_DEPLOYMENT_TARGET = 11.3;
				MTL_ENABLE_DEBUG_INFO = NO;
				SDKROOT = iphoneos;
				SWIFT_COMPILATION_MODE = wholemodule;
				SWIFT_OPTIMIZATION_LEVEL = "-O";
				VALIDATE_PRODUCT = YES;
			};
			name = Release;
		};
		135AC10C207A3A95000DAEC9 /* Debug */ = {
			isa = XCBuildConfiguration;
			buildSettings = {
				ASSETCATALOG_COMPILER_APPICON_NAME = AppIcon;
				CODE_SIGN_STYLE = Automatic;
				DEVELOPMENT_TEAM = H66MZX45A3;
				INFOPLIST_FILE = contacts/Info.plist;
				LD_RUNPATH_SEARCH_PATHS = (
					"$(inherited)",
					"@executable_path/Frameworks",
				);
				PRODUCT_BUNDLE_IDENTIFIER = dbsdudguq.contacts;
				PRODUCT_NAME = "$(TARGET_NAME)";
				SWIFT_VERSION = 4.0;
				TARGETED_DEVICE_FAMILY = "1,2";
			};
			name = Debug;
		};
		135AC10D207A3A95000DAEC9 /* Release */ = {
			isa = XCBuildConfiguration;
			buildSettings = {
				ASSETCATALOG_COMPILER_APPICON_NAME = AppIcon;
				CODE_SIGN_STYLE = Automatic;
				DEVELOPMENT_TEAM = H66MZX45A3;
				INFOPLIST_FILE = contacts/Info.plist;
				LD_RUNPATH_SEARCH_PATHS = (
					"$(inherited)",
					"@executable_path/Frameworks",
				);
				PRODUCT_BUNDLE_IDENTIFIER = dbsdudguq.contacts;
				PRODUCT_NAME = "$(TARGET_NAME)";
				SWIFT_VERSION = 4.0;
				TARGETED_DEVICE_FAMILY = "1,2";
			};
			name = Release;
		};
		135AC10F207A3A95000DAEC9 /* Debug */ = {
			isa = XCBuildConfiguration;
			buildSettings = {
				ALWAYS_EMBED_SWIFT_STANDARD_LIBRARIES = YES;
				BUNDLE_LOADER = "$(TEST_HOST)";
				CODE_SIGN_STYLE = Automatic;
				DEVELOPMENT_TEAM = H66MZX45A3;
				INFOPLIST_FILE = contactsTests/Info.plist;
				LD_RUNPATH_SEARCH_PATHS = (
					"$(inherited)",
					"@executable_path/Frameworks",
					"@loader_path/Frameworks",
				);
				PRODUCT_BUNDLE_IDENTIFIER = com.mycompany.contactsTests;
				PRODUCT_NAME = "$(TARGET_NAME)";
				SWIFT_VERSION = 4.0;
				TARGETED_DEVICE_FAMILY = "1,2";
				TEST_HOST = "$(BUILT_PRODUCTS_DIR)/Contacts.temp_caseinsensitive_rename.app/Contacts.temp_caseinsensitive_rename";
			};
			name = Debug;
		};
		135AC110207A3A95000DAEC9 /* Release */ = {
			isa = XCBuildConfiguration;
			buildSettings = {
				ALWAYS_EMBED_SWIFT_STANDARD_LIBRARIES = YES;
				BUNDLE_LOADER = "$(TEST_HOST)";
				CODE_SIGN_STYLE = Automatic;
				DEVELOPMENT_TEAM = H66MZX45A3;
				INFOPLIST_FILE = contactsTests/Info.plist;
				LD_RUNPATH_SEARCH_PATHS = (
					"$(inherited)",
					"@executable_path/Frameworks",
					"@loader_path/Frameworks",
				);
				PRODUCT_BUNDLE_IDENTIFIER = com.mycompany.contactsTests;
				PRODUCT_NAME = "$(TARGET_NAME)";
				SWIFT_VERSION = 4.0;
				TARGETED_DEVICE_FAMILY = "1,2";
				TEST_HOST = "$(BUILT_PRODUCTS_DIR)/Contacts.temp_caseinsensitive_rename.app/Contacts.temp_caseinsensitive_rename";
			};
			name = Release;
		};
		135AC112207A3A95000DAEC9 /* Debug */ = {
			isa = XCBuildConfiguration;
			buildSettings = {
				ALWAYS_EMBED_SWIFT_STANDARD_LIBRARIES = YES;
				CODE_SIGN_STYLE = Automatic;
				DEVELOPMENT_TEAM = H66MZX45A3;
				INFOPLIST_FILE = contactsUITests/Info.plist;
				LD_RUNPATH_SEARCH_PATHS = (
					"$(inherited)",
					"@executable_path/Frameworks",
					"@loader_path/Frameworks",
				);
				PRODUCT_BUNDLE_IDENTIFIER = com.mycompany.contactsUITests;
				PRODUCT_NAME = "$(TARGET_NAME)";
				SWIFT_VERSION = 4.0;
				TARGETED_DEVICE_FAMILY = "1,2";
				TEST_TARGET_NAME = contacts;
			};
			name = Debug;
		};
		135AC113207A3A95000DAEC9 /* Release */ = {
			isa = XCBuildConfiguration;
			buildSettings = {
				ALWAYS_EMBED_SWIFT_STANDARD_LIBRARIES = YES;
				CODE_SIGN_STYLE = Automatic;
				DEVELOPMENT_TEAM = H66MZX45A3;
				INFOPLIST_FILE = contactsUITests/Info.plist;
				LD_RUNPATH_SEARCH_PATHS = (
					"$(inherited)",
					"@executable_path/Frameworks",
					"@loader_path/Frameworks",
				);
				PRODUCT_BUNDLE_IDENTIFIER = com.mycompany.contactsUITests;
				PRODUCT_NAME = "$(TARGET_NAME)";
				SWIFT_VERSION = 4.0;
				TARGETED_DEVICE_FAMILY = "1,2";
				TEST_TARGET_NAME = contacts;
			};
			name = Release;
		};
/* End XCBuildConfiguration section */

/* Begin XCConfigurationList section */
		135AC0DB207A3A93000DAEC9 /* Build configuration list for PBXProject "Contacts" */ = {
			isa = XCConfigurationList;
			buildConfigurations = (
				135AC109207A3A95000DAEC9 /* Debug */,
				135AC10A207A3A95000DAEC9 /* Release */,
			);
			defaultConfigurationIsVisible = 0;
			defaultConfigurationName = Release;
		};
		135AC10B207A3A95000DAEC9 /* Build configuration list for PBXNativeTarget "contacts" */ = {
			isa = XCConfigurationList;
			buildConfigurations = (
				135AC10C207A3A95000DAEC9 /* Debug */,
				135AC10D207A3A95000DAEC9 /* Release */,
			);
			defaultConfigurationIsVisible = 0;
			defaultConfigurationName = Release;
		};
		135AC10E207A3A95000DAEC9 /* Build configuration list for PBXNativeTarget "contactsTests" */ = {
			isa = XCConfigurationList;
			buildConfigurations = (
				135AC10F207A3A95000DAEC9 /* Debug */,
				135AC110207A3A95000DAEC9 /* Release */,
			);
			defaultConfigurationIsVisible = 0;
			defaultConfigurationName = Release;
		};
		135AC111207A3A95000DAEC9 /* Build configuration list for PBXNativeTarget "contactsUITests" */ = {
			isa = XCConfigurationList;
			buildConfigurations = (
				135AC112207A3A95000DAEC9 /* Debug */,
				135AC113207A3A95000DAEC9 /* Release */,
			);
			defaultConfigurationIsVisible = 0;
			defaultConfigurationName = Release;
		};
/* End XCConfigurationList section */

/* Begin XCVersionGroup section */
		135AC0EA207A3A93000DAEC9 /* contacts.xcdatamodeld */ = {
			isa = XCVersionGroup;
			children = (
				135AC0EB207A3A93000DAEC9 /* contacts.xcdatamodel */,
			);
			currentVersion = 135AC0EB207A3A93000DAEC9 /* contacts.xcdatamodel */;
			path = contacts.xcdatamodeld;
			sourceTree = "<group>";
			usesTabs = 0;
			versionGroupType = wrapper.xcdatamodel;
		};
/* End XCVersionGroup section */
	};
	rootObject = 135AC0D8207A3A93000DAEC9 /* Project object */;
}
